
Microsoft Visual Studio Solution File, Format Version 12.00
# Visual Studio Version 16
VisualStudioVersion = 16.0.32002.261
MinimumVisualStudioVersion = 10.0.40219.1
Project("{888888A0-9F3D-457C-B088-3A5042F75D52}") = "Buurthub", "Buurthub.pyproj", "{83896D9E-BA1F-463F-8706-DC5173B202C0}"
EndProject
Global
	GlobalSection(SolutionConfigurationPlatforms) = preSolution
		Debug|Any CPU = Debug|Any CPU
		Release|Any CPU = Release|Any CPU
	EndGlobalSection
	GlobalSection(ProjectConfigurationPlatforms) = postSolution
		{83896D9E-BA1F-463F-8706-DC5173B202C0}.Debug|Any CPU.ActiveCfg = Debug|Any CPU
		{83896D9E-BA1F-463F-8706-DC5173B202C0}.Release|Any CPU.ActiveCfg = Release|Any CPU
	EndGlobalSection
	GlobalSection(SolutionProperties) = preSolution
		HideSolutionNode = FALSE
	EndGlobalSection
	GlobalSection(ExtensibilityGlobals) = postSolution
		SolutionGuid = {4C7AF243-CB3D-48A6-86EF-13B66B59B1C3}
	EndGlobalSection
EndGlobal
